{
  "name": "PDF_Analyzer",
  "lockfileVersion": 3,
  "requires": true,
  "packages": {
    "": {
      "dependencies": {
        "bun": "^1.2.15",
        "ppu-pdf": "^5.2.1"
      }
    },
    "node_modules/@napi-rs/canvas": {
      "version": "0.1.70",
      "resolved": "https://registry.npmjs.org/@napi-rs/canvas/-/canvas-0.1.70.tgz",
      "integrity": "sha512-nD6NGa4JbNYSZYsTnLGrqe9Kn/lCkA4ybXt8sx5ojDqZjr2i0TWAHxx/vhgfjX+i3hCdKWufxYwi7CfXqtITSA==",
      "license": "MIT",
      "engines": {
        "node": ">= 10"
      },
      "optionalDependencies": {
        "@napi-rs/canvas-android-arm64": "0.1.70",
        "@napi-rs/canvas-darwin-arm64": "0.1.70",
        "@napi-rs/canvas-darwin-x64": "0.1.70",
        "@napi-rs/canvas-linux-arm-gnueabihf": "0.1.70",
        "@napi-rs/canvas-linux-arm64-gnu": "0.1.70",
        "@napi-rs/canvas-linux-arm64-musl": "0.1.70",
        "@napi-rs/canvas-linux-riscv64-gnu": "0.1.70",
        "@napi-rs/canvas-linux-x64-gnu": "0.1.70",
        "@napi-rs/canvas-linux-x64-musl": "0.1.70",
        "@napi-rs/canvas-win32-x64-msvc": "0.1.70"
      }
    },
    "node_modules/@napi-rs/canvas-android-arm64": {
      "version": "0.1.70",
      "resolved": "https://registry.npmjs.org/@napi-rs/canvas-android-arm64/-/canvas-android-arm64-0.1.70.tgz",
      "integrity": "sha512-I/YOuQ0wbkVYxVaYtCgN42WKTYxNqFA0gTcTrHIGG1jfpDSyZWII/uHcjOo4nzd19io6Y4+/BqP8E5hJgf9OmQ==",
      "cpu": [
        "arm64"
      ],
      "license": "MIT",
      "optional": true,
      "os": [
        "android"
      ],
      "engines": {
        "node": ">= 10"
      }
    },
    "node_modules/@napi-rs/canvas-darwin-arm64": {
      "version": "0.1.70",
      "resolved": "https://registry.npmjs.org/@napi-rs/canvas-darwin-arm64/-/canvas-darwin-arm64-0.1.70.tgz",
      "integrity": "sha512-4pPGyXetHIHkw2TOJHujt3mkCP8LdDu8+CT15ld9Id39c752RcI0amDHSuMLMQfAjvusA9B5kKxazwjMGjEJpQ==",
      "cpu": [
        "arm64"
      ],
      "license": "MIT",
      "optional": true,
      "os": [
        "darwin"
      ],
      "engines": {
        "node": ">= 10"
      }
    },
    "node_modules/@napi-rs/canvas-darwin-x64": {
      "version": "0.1.70",
      "resolved": "https://registry.npmjs.org/@napi-rs/canvas-darwin-x64/-/canvas-darwin-x64-0.1.70.tgz",
      "integrity": "sha512-+2N6Os9LbkmDMHL+raknrUcLQhsXzc5CSXRbXws9C3pv/mjHRVszQ9dhFUUe9FjfPhCJznO6USVdwOtu7pOrzQ==",
      "cpu": [
        "x64"
      ],
      "license": "MIT",
      "optional": true,
      "os": [
        "darwin"
      ],
      "engines": {
        "node": ">= 10"
      }
    },
    "node_modules/@napi-rs/canvas-linux-arm-gnueabihf": {
      "version": "0.1.70",
      "resolved": "https://registry.npmjs.org/@napi-rs/canvas-linux-arm-gnueabihf/-/canvas-linux-arm-gnueabihf-0.1.70.tgz",
      "integrity": "sha512-QjscX9OaKq/990sVhSMj581xuqLgiaPVMjjYvWaCmAJRkNQ004QfoSMEm3FoTqM4DRoquP8jvuEXScVJsc1rqQ==",
      "cpu": [
        "arm"
      ],
      "license": "MIT",
      "optional": true,
      "os": [
        "linux"
      ],
      "engines": {
        "node": ">= 10"
      }
    },
    "node_modules/@napi-rs/canvas-linux-arm64-gnu": {
      "version": "0.1.70",
      "resolved": "https://registry.npmjs.org/@napi-rs/canvas-linux-arm64-gnu/-/canvas-linux-arm64-gnu-0.1.70.tgz",
      "integrity": "sha512-LNakMOwwqwiHIwMpnMAbFRczQMQ7TkkMyATqFCOtUJNlE6LPP/QiUj/mlFrNbUn/hctqShJ60gWEb52ZTALbVw==",
      "cpu": [
        "arm64"
      ],
      "license": "MIT",
      "optional": true,
      "os": [
        "linux"
      ],
      "engines": {
        "node": ">= 10"
      }
    },
    "node_modules/@napi-rs/canvas-linux-arm64-musl": {
      "version": "0.1.70",
      "resolved": "https://registry.npmjs.org/@napi-rs/canvas-linux-arm64-musl/-/canvas-linux-arm64-musl-0.1.70.tgz",
      "integrity": "sha512-wBTOllEYNfJCHOdZj9v8gLzZ4oY3oyPX8MSRvaxPm/s7RfEXxCyZ8OhJ5xAyicsDdbE5YBZqdmaaeP5+xKxvtg==",
      "cpu": [
        "arm64"
      ],
      "license": "MIT",
      "optional": true,
      "os": [
        "linux"
      ],
      "engines": {
        "node": ">= 10"
      }
    },
    "node_modules/@napi-rs/canvas-linux-riscv64-gnu": {
      "version": "0.1.70",
      "resolved": "https://registry.npmjs.org/@napi-rs/canvas-linux-riscv64-gnu/-/canvas-linux-riscv64-gnu-0.1.70.tgz",
      "integrity": "sha512-GVUUPC8TuuFqHip0rxHkUqArQnlzmlXmTEBuXAWdgCv85zTCFH8nOHk/YCF5yo0Z2eOm8nOi90aWs0leJ4OE5Q==",
      "cpu": [
        "riscv64"
      ],
      "license": "MIT",
      "optional": true,
      "os": [
        "linux"
      ],
      "engines": {
        "node": ">= 10"
      }
    },
    "node_modules/@napi-rs/canvas-linux-x64-gnu": {
      "version": "0.1.70",
      "resolved": "https://registry.npmjs.org/@napi-rs/canvas-linux-x64-gnu/-/canvas-linux-x64-gnu-0.1.70.tgz",
      "integrity": "sha512-/kvUa2lZRwGNyfznSn5t1ShWJnr/m5acSlhTV3eXECafObjl0VBuA1HJw0QrilLpb4Fe0VLywkpD1NsMoVDROQ==",
      "cpu": [
        "x64"
      ],
      "license": "MIT",
      "optional": true,
      "os": [
        "linux"
      ],
      "engines": {
        "node": ">= 10"
      }
    },
    "node_modules/@napi-rs/canvas-linux-x64-musl": {
      "version": "0.1.70",
      "resolved": "https://registry.npmjs.org/@napi-rs/canvas-linux-x64-musl/-/canvas-linux-x64-musl-0.1.70.tgz",
      "integrity": "sha512-aqlv8MLpycoMKRmds7JWCfVwNf1fiZxaU7JwJs9/ExjTD8lX2KjsO7CTeAj5Cl4aEuzxUWbJPUUE2Qu9cZ1vfg==",
      "cpu": [
        "x64"
      ],
      "license": "MIT",
      "optional": true,
      "os": [
        "linux"
      ],
      "engines": {
        "node": ">= 10"
      }
    },
    "node_modules/@napi-rs/canvas-win32-x64-msvc": {
      "version": "0.1.70",
      "resolved": "https://registry.npmjs.org/@napi-rs/canvas-win32-x64-msvc/-/canvas-win32-x64-msvc-0.1.70.tgz",
      "integrity": "sha512-Q9QU3WIpwBTVHk4cPfBjGHGU4U0llQYRXgJtFtYqqGNEOKVN4OT6PQ+ve63xwIPODMpZ0HHyj/KLGc9CWc3EtQ==",
      "cpu": [
        "x64"
      ],
      "license": "MIT",
      "optional": true,
      "os": [
        "win32"
      ],
      "engines": {
        "node": ">= 10"
      }
    },
    "node_modules/@oven/bun-darwin-aarch64": {
      "version": "1.2.15",
      "resolved": "https://registry.npmjs.org/@oven/bun-darwin-aarch64/-/bun-darwin-aarch64-1.2.15.tgz",
      "integrity": "sha512-DE2iO1xF6dTKBqHbRD/g9FxzuhbtVHnbSMV6KvvikYBRvteNJqV7I/FzoDXgbR3rRne3DF+gnCQO8T17tIfErw==",
      "cpu": [
        "arm64"
      ],
      "license": "MIT",
      "optional": true,
      "os": [
        "darwin"
      ]
    },
    "node_modules/@oven/bun-darwin-x64": {
      "version": "1.2.15",
      "resolved": "https://registry.npmjs.org/@oven/bun-darwin-x64/-/bun-darwin-x64-1.2.15.tgz",
      "integrity": "sha512-yRjJ0ELTlpSYCRi9buJDUAZ5TAv8GKT/lJ0Bemmed8RNEtETfLMNUmjQqts2aXRX1M7VIBvUiiHrSFHvhrfZ8A==",
      "cpu": [
        "x64"
      ],
      "license": "MIT",
      "optional": true,
      "os": [
        "darwin"
      ]
    },
    "node_modules/@oven/bun-darwin-x64-baseline": {
      "version": "1.2.15",
      "resolved": "https://registry.npmjs.org/@oven/bun-darwin-x64-baseline/-/bun-darwin-x64-baseline-1.2.15.tgz",
      "integrity": "sha512-is6NrxFkT2WGffPyw0wQQeJ8Jztm115Y/hKsVtXySkF+GqUYEWqK2pzpsEDxhhOELBmxK9uUOkiOvPBZL4A2uQ==",
      "cpu": [
        "x64"
      ],
      "license": "MIT",
      "optional": true,
      "os": [
        "darwin"
      ]
    },
    "node_modules/@oven/bun-linux-aarch64": {
      "version": "1.2.15",
      "resolved": "https://registry.npmjs.org/@oven/bun-linux-aarch64/-/bun-linux-aarch64-1.2.15.tgz",
      "integrity": "sha512-L+TitZk5s60ipBGuPvNJ+oM7d6JC7gejGCmEZcUvdKf3dXG1k0E/Yr1Ox4j75U7VRV7tIRBnkis6BBBCMzdLmA==",
      "cpu": [
        "arm64"
      ],
      "license": "MIT",
      "optional": true,
      "os": [
        "linux"
      ]
    },
    "node_modules/@oven/bun-linux-aarch64-musl": {
      "version": "1.2.15",
      "resolved": "https://registry.npmjs.org/@oven/bun-linux-aarch64-musl/-/bun-linux-aarch64-musl-1.2.15.tgz",
      "integrity": "sha512-CryplmxMcePF25vYq5C32jAO0qK4hLcGCXRUArPvrfFldixzppCQpKIBp4FvV2wA3fF66enckV0EPvGWofQA5g==",
      "cpu": [
        "aarch64"
      ],
      "license": "MIT",
      "optional": true,
      "os": [
        "linux"
      ]
    },
    "node_modules/@oven/bun-linux-x64": {
      "version": "1.2.15",
      "resolved": "https://registry.npmjs.org/@oven/bun-linux-x64/-/bun-linux-x64-1.2.15.tgz",
      "integrity": "sha512-U5gwBEVH/f+MvjZZyqwY/gIdbAjho9s1g3w7PQoB0cwaGrpY0zEkwHkYvqVriU0FPxN6VjZycBpePd3X6LrX0Q==",
      "cpu": [
        "x64"
      ],
      "license": "MIT",
      "optional": true,
      "os": [
        "linux"
      ]
    },
    "node_modules/@oven/bun-linux-x64-baseline": {
      "version": "1.2.15",
      "resolved": "https://registry.npmjs.org/@oven/bun-linux-x64-baseline/-/bun-linux-x64-baseline-1.2.15.tgz",
      "integrity": "sha512-RRGDCE3WcFrJUCwe1rPbaNANWR65BgaA2i79R1FFPaPw8mWoUhuYBcokRpeP4usevNtv/vWOfh3p05X3OczOpQ==",
      "cpu": [
        "x64"
      ],
      "license": "MIT",
      "optional": true,
      "os": [
        "linux"
      ]
    },
    "node_modules/@oven/bun-linux-x64-musl": {
      "version": "1.2.15",
      "resolved": "https://registry.npmjs.org/@oven/bun-linux-x64-musl/-/bun-linux-x64-musl-1.2.15.tgz",
      "integrity": "sha512-M/fJA7jj+D3FA5PnpXwv43lGjY34xTQaaAV7RvAS7AW20eyGLyqVk3pW8peHG3IBQdWhblYzVNHn872lu3wn5A==",
      "cpu": [
        "x64"
      ],
      "license": "MIT",
      "optional": true,
      "os": [
        "linux"
      ]
    },
    "node_modules/@oven/bun-linux-x64-musl-baseline": {
      "version": "1.2.15",
      "resolved": "https://registry.npmjs.org/@oven/bun-linux-x64-musl-baseline/-/bun-linux-x64-musl-baseline-1.2.15.tgz",
      "integrity": "sha512-Z53su6s5d5l75dnkiytBwJxWCTB5/LpXH3GWGtrCn8hR5QzstNzdt1b7J//WGGaVmRdcdr5RKk+hw9NRVrCjeA==",
      "cpu": [
        "x64"
      ],
      "license": "MIT",
      "optional": true,
      "os": [
        "linux"
      ]
    },
    "node_modules/@oven/bun-windows-x64": {
      "version": "1.2.15",
      "resolved": "https://registry.npmjs.org/@oven/bun-windows-x64/-/bun-windows-x64-1.2.15.tgz",
      "integrity": "sha512-Ya4pTRtbuuoXHNKRCONuIqHk9fMME7LUWDNbig/jV08IF3fn3epMOqg716Ik2DTiYOX5Q+9O82+mz8hEFE9StA==",
      "cpu": [
        "x64"
      ],
      "license": "MIT",
      "optional": true,
      "os": [
        "win32"
      ]
    },
    "node_modules/@oven/bun-windows-x64-baseline": {
      "version": "1.2.15",
      "resolved": "https://registry.npmjs.org/@oven/bun-windows-x64-baseline/-/bun-windows-x64-baseline-1.2.15.tgz",
      "integrity": "sha512-4Bgf6Xh+bh0n1YYJLRZdZuQXBLGDJDFASpyP3nP72D5/gm71kmlujuM6gPPmbyjxu7FOmP2x5gGEfQ6ydk68CA==",
      "cpu": [
        "x64"
      ],
      "license": "MIT",
      "optional": true,
      "os": [
        "win32"
      ]
    },
    "node_modules/bun": {
      "version": "1.2.15",
      "resolved": "https://registry.npmjs.org/bun/-/bun-1.2.15.tgz",
      "integrity": "sha512-9Nryct8QYQRE/W3/FjW2i4eLdVKme7JPY8R9DNLSGjKdSX8uMgZ2mogs+H5d88Ng0bYeSLpUkBhRelbNi8MwYA==",
      "cpu": [
        "arm64",
        "x64",
        "aarch64"
      ],
      "hasInstallScript": true,
      "license": "MIT",
      "os": [
        "darwin",
        "linux",
        "win32"
      ],
      "bin": {
        "bun": "bin/bun.exe",
        "bunx": "bin/bun.exe"
      },
      "optionalDependencies": {
        "@oven/bun-darwin-aarch64": "1.2.15",
        "@oven/bun-darwin-x64": "1.2.15",
        "@oven/bun-darwin-x64-baseline": "1.2.15",
        "@oven/bun-linux-aarch64": "1.2.15",
        "@oven/bun-linux-aarch64-musl": "1.2.15",
        "@oven/bun-linux-x64": "1.2.15",
        "@oven/bun-linux-x64-baseline": "1.2.15",
        "@oven/bun-linux-x64-musl": "1.2.15",
        "@oven/bun-linux-x64-musl-baseline": "1.2.15",
        "@oven/bun-windows-x64": "1.2.15",
        "@oven/bun-windows-x64-baseline": "1.2.15"
      }
    },
    "node_modules/mupdf": {
      "version": "1.3.6",
      "resolved": "https://registry.npmjs.org/mupdf/-/mupdf-1.3.6.tgz",
      "integrity": "sha512-HRKjlFiD1aN9u2iX7JCIr6qU6jMnihsQY2GnNVcrXXM1BBh3es1166mjMVsdjnhUfnA2NQr4pJBmUjFCxQ/N4A==",
      "license": "AGPL-3.0-or-later"
    },
    "node_modules/pdfjs-dist": {
      "version": "4.9.155",
      "resolved": "https://registry.npmjs.org/pdfjs-dist/-/pdfjs-dist-4.9.155.tgz",
      "integrity": "sha512-epRZn6DQQKCOEqbmFsxkiMBm1MHaNrnr6T4VBNP0bsDvdJdmrWcZbS5cgJXW68P0d3uJTlFhF6Wms2tlSgPYig==",
      "license": "Apache-2.0",
      "engines": {
        "node": ">=20"
      },
      "optionalDependencies": {
        "@napi-rs/canvas": "^0.1.64"
      }
    },
    "node_modules/ppu-pdf": {
      "version": "5.2.1",
      "resolved": "https://registry.npmjs.org/ppu-pdf/-/ppu-pdf-5.2.1.tgz",
      "integrity": "sha512-9C1b9yfjk/MzFMmzjsbfE79qAehMN9U4iD1DAD7DJnDGu1dxStxJAd5iCu7l2L27tKJzV7eOqB2v2Btbn8jEaA==",
      "license": "MIT",
      "dependencies": {
        "@napi-rs/canvas": "^0.1.68",
        "mupdf": "^1.3.4",
        "pdfjs-dist": "4.9.155"
      }
    }
  }
}
